
Microsoft Visual Studio Solution File, Format Version 12.00
# Visual Studio 2012
Project("{FAE04EC0-301F-11D3-BF4B-00C04F79EFBC}") = "Advanced Warfare Proper ACS MrNiato", "Advanced Warfare Proper ACS MrNiato\Advanced Warfare Proper ACS MrNiato.csproj", "{68E97923-DB9D-43C4-9543-3A980B88E21A}"
EndProject
Global
	GlobalSection(SolutionConfigurationPlatforms) = preSolution
		Debug|Any CPU = Debug|Any CPU
		Release|Any CPU = Release|Any CPU
	EndGlobalSection
	GlobalSection(ProjectConfigurationPlatforms) = postSolution
		{68E97923-DB9D-43C4-9543-3A980B88E21A}.Debug|Any CPU.ActiveCfg = Debug|Any CPU
		{68E97923-DB9D-43C4-9543-3A980B88E21A}.Debug|Any CPU.Build.0 = Debug|Any CPU
		{68E97923-DB9D-43C4-9543-3A980B88E21A}.Release|Any CPU.ActiveCfg = Release|Any CPU
		{68E97923-DB9D-43C4-9543-3A980B88E21A}.Release|Any CPU.Build.0 = Release|Any CPU
	EndGlobalSection
	GlobalSection(SolutionProperties) = preSolution
		HideSolutionNode = FALSE
	EndGlobalSection
EndGlobal
